
Microsoft Visual Studio Solution File, Format Version 12.00
# Visual Studio Version 17
VisualStudioVersion = 17.1.32421.90
MinimumVisualStudioVersion = 10.0.40219.1
Project("{54A90642-561A-4BB1-A94E-469ADEE60C69}") = "CelebrancyHQ.UI", "CelebrancyHQ.UI\CelebrancyHQ.UI.esproj", "{F89E6D5A-F4DD-4945-9A79-D5E4CC107904}"
EndProject
Project("{9A19103F-16F7-4668-BE54-9A1E7A4F7556}") = "CelebrancyHQ.API", "CelebrancyHQ.API\CelebrancyHQ.API.csproj", "{5BD997EA-65DA-475B-9E21-9D090ED6EA8F}"
EndProject
Project("{9A19103F-16F7-4668-BE54-9A1E7A4F7556}") = "CelebrancyHQ.Models", "CelebrancyHQ.Models\CelebrancyHQ.Models.csproj", "{94162408-3250-462C-87BF-7986F22CEC08}"
EndProject
Project("{9A19103F-16F7-4668-BE54-9A1E7A4F7556}") = "CelebrancyHQ.Services", "CelebrancyHQ.Services\CelebrancyHQ.Services.csproj", "{9BBBC589-02FB-417F-BD3B-FBCE1DDB53EC}"
EndProject
Project("{9A19103F-16F7-4668-BE54-9A1E7A4F7556}") = "CelebrancyHQ.Entities", "CelebrancyHQ.Entities\CelebrancyHQ.Entities.csproj", "{2EB3ED4D-ACD2-4E5A-9735-1BDEB433472B}"
EndProject
Project("{9A19103F-16F7-4668-BE54-9A1E7A4F7556}") = "CelebrancyHQ.Repository", "CelebrancyHQ.Repository\CelebrancyHQ.Repository.csproj", "{D3A26165-52C5-4CDE-BCE2-1AAEB9C51D8A}"
EndProject
Project("{FAE04EC0-301F-11D3-BF4B-00C04F79EFBC}") = "CelebrancyHQ.Mappings", "CelebrancyHQ.Mappings\CelebrancyHQ.Mappings.csproj", "{2A8D3B6D-8E22-4BDB-9D16-AB2005A4AC9F}"
EndProject
Global
	GlobalSection(SolutionConfigurationPlatforms) = preSolution
		Debug|Any CPU = Debug|Any CPU
		Release|Any CPU = Release|Any CPU
	EndGlobalSection
	GlobalSection(ProjectConfigurationPlatforms) = postSolution
		{F89E6D5A-F4DD-4945-9A79-D5E4CC107904}.Debug|Any CPU.ActiveCfg = Debug|Any CPU
		{F89E6D5A-F4DD-4945-9A79-D5E4CC107904}.Debug|Any CPU.Build.0 = Debug|Any CPU
		{F89E6D5A-F4DD-4945-9A79-D5E4CC107904}.Debug|Any CPU.Deploy.0 = Debug|Any CPU
		{F89E6D5A-F4DD-4945-9A79-D5E4CC107904}.Release|Any CPU.ActiveCfg = Release|Any CPU
		{F89E6D5A-F4DD-4945-9A79-D5E4CC107904}.Release|Any CPU.Build.0 = Release|Any CPU
		{F89E6D5A-F4DD-4945-9A79-D5E4CC107904}.Release|Any CPU.Deploy.0 = Release|Any CPU
		{5BD997EA-65DA-475B-9E21-9D090ED6EA8F}.Debug|Any CPU.ActiveCfg = Debug|Any CPU
		{5BD997EA-65DA-475B-9E21-9D090ED6EA8F}.Debug|Any CPU.Build.0 = Debug|Any CPU
		{5BD997EA-65DA-475B-9E21-9D090ED6EA8F}.Release|Any CPU.ActiveCfg = Release|Any CPU
		{5BD997EA-65DA-475B-9E21-9D090ED6EA8F}.Release|Any CPU.Build.0 = Release|Any CPU
		{94162408-3250-462C-87BF-7986F22CEC08}.Debug|Any CPU.ActiveCfg = Debug|Any CPU
		{94162408-3250-462C-87BF-7986F22CEC08}.Debug|Any CPU.Build.0 = Debug|Any CPU
		{94162408-3250-462C-87BF-7986F22CEC08}.Release|Any CPU.ActiveCfg = Release|Any CPU
		{94162408-3250-462C-87BF-7986F22CEC08}.Release|Any CPU.Build.0 = Release|Any CPU
		{9BBBC589-02FB-417F-BD3B-FBCE1DDB53EC}.Debug|Any CPU.ActiveCfg = Debug|Any CPU
		{9BBBC589-02FB-417F-BD3B-FBCE1DDB53EC}.Debug|Any CPU.Build.0 = Debug|Any CPU
		{9BBBC589-02FB-417F-BD3B-FBCE1DDB53EC}.Release|Any CPU.ActiveCfg = Release|Any CPU
		{9BBBC589-02FB-417F-BD3B-FBCE1DDB53EC}.Release|Any CPU.Build.0 = Release|Any CPU
		{2EB3ED4D-ACD2-4E5A-9735-1BDEB433472B}.Debug|Any CPU.ActiveCfg = Debug|Any CPU
		{2EB3ED4D-ACD2-4E5A-9735-1BDEB433472B}.Debug|Any CPU.Build.0 = Debug|Any CPU
		{2EB3ED4D-ACD2-4E5A-9735-1BDEB433472B}.Release|Any CPU.ActiveCfg = Release|Any CPU
		{2EB3ED4D-ACD2-4E5A-9735-1BDEB433472B}.Release|Any CPU.Build.0 = Release|Any CPU
		{D3A26165-52C5-4CDE-BCE2-1AAEB9C51D8A}.Debug|Any CPU.ActiveCfg = Debug|Any CPU
		{D3A26165-52C5-4CDE-BCE2-1AAEB9C51D8A}.Debug|Any CPU.Build.0 = Debug|Any CPU
		{D3A26165-52C5-4CDE-BCE2-1AAEB9C51D8A}.Release|Any CPU.ActiveCfg = Release|Any CPU
		{D3A26165-52C5-4CDE-BCE2-1AAEB9C51D8A}.Release|Any CPU.Build.0 = Release|Any CPU
		{2A8D3B6D-8E22-4BDB-9D16-AB2005A4AC9F}.Debug|Any CPU.ActiveCfg = Debug|Any CPU
		{2A8D3B6D-8E22-4BDB-9D16-AB2005A4AC9F}.Debug|Any CPU.Build.0 = Debug|Any CPU
		{2A8D3B6D-8E22-4BDB-9D16-AB2005A4AC9F}.Release|Any CPU.ActiveCfg = Release|Any CPU
		{2A8D3B6D-8E22-4BDB-9D16-AB2005A4AC9F}.Release|Any CPU.Build.0 = Release|Any CPU
	EndGlobalSection
	GlobalSection(SolutionProperties) = preSolution
		HideSolutionNode = FALSE
	EndGlobalSection
	GlobalSection(ExtensibilityGlobals) = postSolution
		SolutionGuid = {BFD70AA7-DC60-4E08-B003-EC6F5FAEDA34}
	EndGlobalSection
EndGlobal
